# THIS IS AN AUTOGENERATED FILE. DO NOT EDIT THIS FILE DIRECTLY.
# yarn lockfile v1


nano-id@^1.1.0:
  version "1.1.0"
  resolved "https://registry.yarnpkg.com/nano-id/-/nano-id-1.1.0.tgz#0ee02e76f3482c1c148ab1830e45d59cafa304e0"
  integrity sha512-vQB87xWh4CCBZq2d7/wF46uiwZOx+n6ShQ4QBuiejQhBSijkTeK6Ugv1EhgjVAg8fwIu9wtWk3GhCN4ViD0TJQ==
